
Microsoft Visual Studio Solution File, Format Version 12.00
# Visual Studio Version 17
VisualStudioVersion = 17.11.35222.181
MinimumVisualStudioVersion = 10.0.40219.1
Project("{FAE04EC0-301F-11D3-BF4B-00C04F79EFBC}") = "Bestiary", "Bestiary.csproj", "{118233CF-2632-4584-9D72-AAFA3331AAA4}"
EndProject
Global
	GlobalSection(SolutionConfigurationPlatforms) = preSolution
		Debug|Any CPU = Debug|Any CPU
		Release|Any CPU = Release|Any CPU
	EndGlobalSection
	GlobalSection(ProjectConfigurationPlatforms) = postSolution
		{118233CF-2632-4584-9D72-AAFA3331AAA4}.Debug|Any CPU.ActiveCfg = Debug|Any CPU
		{118233CF-2632-4584-9D72-AAFA3331AAA4}.Debug|Any CPU.Build.0 = Debug|Any CPU
		{118233CF-2632-4584-9D72-AAFA3331AAA4}.Release|Any CPU.ActiveCfg = Release|Any CPU
		{118233CF-2632-4584-9D72-AAFA3331AAA4}.Release|Any CPU.Build.0 = Release|Any CPU
	EndGlobalSection
	GlobalSection(SolutionProperties) = preSolution
		HideSolutionNode = FALSE
	EndGlobalSection
	GlobalSection(ExtensibilityGlobals) = postSolution
		SolutionGuid = {86348125-9A85-4B60-AE74-CAB2FFDCFCA2}
	EndGlobalSection
EndGlobal
